// !$*UTF8*$!
{
	archiveVersion = 1;
	classes = {
	};
	objectVersion = 48;
	objects = {

/* Begin PBXBuildFile section */
		439D1F5E40A24EC89F60A7D7 /* Pods_SwiftLabb1.framework in Frameworks */ = {isa = PBXBuildFile; fileRef = D7B0F750C18E88A2004B95BA /* Pods_SwiftLabb1.framework */; };
		72A11BC22067FE95003045D7 /* DetailViewController.swift in Sources */ = {isa = PBXBuildFile; fileRef = 72A11BC12067FE95003045D7 /* DetailViewController.swift */; };
		72A11BC420750C03003045D7 /* SearchViewController.swift in Sources */ = {isa = PBXBuildFile; fileRef = 72A11BC320750C03003045D7 /* SearchViewController.swift */; };
		72A11BC820750DFB003045D7 /* SearchCell.swift in Sources */ = {isa = PBXBuildFile; fileRef = 72A11BC720750DFB003045D7 /* SearchCell.swift */; };
		72A11BCC207532B2003045D7 /* CompareCell.swift in Sources */ = {isa = PBXBuildFile; fileRef = 72A11BCB207532B2003045D7 /* CompareCell.swift */; };
		72A11BD0207628CE003045D7 /* CompareViewController.swift in Sources */ = {isa = PBXBuildFile; fileRef = 72A11BCF207628CE003045D7 /* CompareViewController.swift */; };
		72A11BD220778BD4003045D7 /* SearchCityList.csv in Resources */ = {isa = PBXBuildFile; fileRef = 72A11BD120778BD4003045D7 /* SearchCityList.csv */; };
		72A11BD42077930D003045D7 /* city.list.json in Resources */ = {isa = PBXBuildFile; fileRef = 72A11BD32077930C003045D7 /* city.list.json */; };
		72A42B532047229A000D78A3 /* AppDelegate.swift in Sources */ = {isa = PBXBuildFile; fileRef = 72A42B522047229A000D78A3 /* AppDelegate.swift */; };
		72A42B552047229A000D78A3 /* ViewController.swift in Sources */ = {isa = PBXBuildFile; fileRef = 72A42B542047229A000D78A3 /* ViewController.swift */; };
		72A42B582047229A000D78A3 /* Main.storyboard in Resources */ = {isa = PBXBuildFile; fileRef = 72A42B562047229A000D78A3 /* Main.storyboard */; };
		72A42B5A2047229A000D78A3 /* Assets.xcassets in Resources */ = {isa = PBXBuildFile; fileRef = 72A42B592047229A000D78A3 /* Assets.xcassets */; };
		72A42B5D2047229A000D78A3 /* LaunchScreen.storyboard in Resources */ = {isa = PBXBuildFile; fileRef = 72A42B5B2047229A000D78A3 /* LaunchScreen.storyboard */; };
		72A42B6720472A1C000D78A3 /* CustomTableViewCell.swift in Sources */ = {isa = PBXBuildFile; fileRef = 72A42B6620472A1C000D78A3 /* CustomTableViewCell.swift */; };
		72A42B6920472B05000D78A3 /* WeatherViewController.swift in Sources */ = {isa = PBXBuildFile; fileRef = 72A42B6820472B05000D78A3 /* WeatherViewController.swift */; };
		72A42B6B20482782000D78A3 /* City.swift in Sources */ = {isa = PBXBuildFile; fileRef = 72A42B6A20482782000D78A3 /* City.swift */; };
		72A42B6D2048297F000D78A3 /* Model.swift in Sources */ = {isa = PBXBuildFile; fileRef = 72A42B6C2048297F000D78A3 /* Model.swift */; };
		72A42B6F20485CB0000D78A3 /* WeatherHelper.swift in Sources */ = {isa = PBXBuildFile; fileRef = 72A42B6E20485CB0000D78A3 /* WeatherHelper.swift */; };
/* End PBXBuildFile section */

/* Begin PBXFileReference section */
		4FB44DACF52E67ADD99E3B55 /* Pods-SwiftLabb1.release.xcconfig */ = {isa = PBXFileReference; includeInIndex = 1; lastKnownFileType = text.xcconfig; name = "Pods-SwiftLabb1.release.xcconfig"; path = "Pods/Target Support Files/Pods-SwiftLabb1/Pods-SwiftLabb1.release.xcconfig"; sourceTree = "<group>"; };
		65C27E58C0078C78BEEDFC8F /* Pods-SwiftLabb1.debug.xcconfig */ = {isa = PBXFileReference; includeInIndex = 1; lastKnownFileType = text.xcconfig; name = "Pods-SwiftLabb1.debug.xcconfig"; path = "Pods/Target Support Files/Pods-SwiftLabb1/Pods-SwiftLabb1.debug.xcconfig"; sourceTree = "<group>"; };
		72A11BC12067FE95003045D7 /* DetailViewController.swift */ = {isa = PBXFileReference; lastKnownFileType = sourcecode.swift; path = DetailViewController.swift; sourceTree = "<group>"; };
		72A11BC320750C03003045D7 /* SearchViewController.swift */ = {isa = PBXFileReference; lastKnownFileType = sourcecode.swift; path = SearchViewController.swift; sourceTree = "<group>"; };
		72A11BC720750DFB003045D7 /* SearchCell.swift */ = {isa = PBXFileReference; lastKnownFileType = sourcecode.swift; path = SearchCell.swift; sourceTree = "<group>"; };
		72A11BCB207532B2003045D7 /* CompareCell.swift */ = {isa = PBXFileReference; lastKnownFileType = sourcecode.swift; path = CompareCell.swift; sourceTree = "<group>"; };
		72A11BCF207628CE003045D7 /* CompareViewController.swift */ = {isa = PBXFileReference; lastKnownFileType = sourcecode.swift; path = CompareViewController.swift; sourceTree = "<group>"; };
		72A11BD120778BD4003045D7 /* SearchCityList.csv */ = {isa = PBXFileReference; fileEncoding = 4; lastKnownFileType = text; path = SearchCityList.csv; sourceTree = "<group>"; };
		72A11BD32077930C003045D7 /* city.list.json */ = {isa = PBXFileReference; fileEncoding = 4; lastKnownFileType = text.json; path = city.list.json; sourceTree = "<group>"; };
		72A42B4F2047229A000D78A3 /* SwiftLabb1.app */ = {isa = PBXFileReference; explicitFileType = wrapper.application; includeInIndex = 0; path = SwiftLabb1.app; sourceTree = BUILT_PRODUCTS_DIR; };
		72A42B522047229A000D78A3 /* AppDelegate.swift */ = {isa = PBXFileReference; lastKnownFileType = sourcecode.swift; path = AppDelegate.swift; sourceTree = "<group>"; };
		72A42B542047229A000D78A3 /* ViewController.swift */ = {isa = PBXFileReference; lastKnownFileType = sourcecode.swift; path = ViewController.swift; sourceTree = "<group>"; };
		72A42B572047229A000D78A3 /* Base */ = {isa = PBXFileReference; lastKnownFileType = file.storyboard; name = Base; path = Base.lproj/Main.storyboard; sourceTree = "<group>"; };
		72A42B592047229A000D78A3 /* Assets.xcassets */ = {isa = PBXFileReference; lastKnownFileType = folder.assetcatalog; path = Assets.xcassets; sourceTree = "<group>"; };
		72A42B5C2047229A000D78A3 /* Base */ = {isa = PBXFileReference; lastKnownFileType = file.storyboard; name = Base; path = Base.lproj/LaunchScreen.storyboard; sourceTree = "<group>"; };
		72A42B5E2047229A000D78A3 /* Info.plist */ = {isa = PBXFileReference; lastKnownFileType = text.plist.xml; path = Info.plist; sourceTree = "<group>"; };
		72A42B6620472A1C000D78A3 /* CustomTableViewCell.swift */ = {isa = PBXFileReference; lastKnownFileType = sourcecode.swift; path = CustomTableViewCell.swift; sourceTree = "<group>"; };
		72A42B6820472B05000D78A3 /* WeatherViewController.swift */ = {isa = PBXFileReference; lastKnownFileType = sourcecode.swift; path = WeatherViewController.swift; sourceTree = "<group>"; };
		72A42B6A20482782000D78A3 /* City.swift */ = {isa = PBXFileReference; lastKnownFileType = sourcecode.swift; path = City.swift; sourceTree = "<group>"; };
		72A42B6C2048297F000D78A3 /* Model.swift */ = {isa = PBXFileReference; lastKnownFileType = sourcecode.swift; path = Model.swift; sourceTree = "<group>"; };
		72A42B6E20485CB0000D78A3 /* WeatherHelper.swift */ = {isa = PBXFileReference; lastKnownFileType = sourcecode.swift; path = WeatherHelper.swift; sourceTree = "<group>"; };
		D7B0F750C18E88A2004B95BA /* Pods_SwiftLabb1.framework */ = {isa = PBXFileReference; explicitFileType = wrapper.framework; includeInIndex = 0; path = Pods_SwiftLabb1.framework; sourceTree = BUILT_PRODUCTS_DIR; };
/* End PBXFileReference section */

/* Begin PBXFrameworksBuildPhase section */
		72A42B4C2047229A000D78A3 /* Frameworks */ = {
			isa = PBXFrameworksBuildPhase;
			buildActionMask = 2147483647;
			files = (
				439D1F5E40A24EC89F60A7D7 /* Pods_SwiftLabb1.framework in Frameworks */,
			);
			runOnlyForDeploymentPostprocessing = 0;
		};
/* End PBXFrameworksBuildPhase section */

/* Begin PBXGroup section */
		12B3E43F01DB1D99529AEC24 /* Frameworks */ = {
			isa = PBXGroup;
			children = (
				D7B0F750C18E88A2004B95BA /* Pods_SwiftLabb1.framework */,
			);
			name = Frameworks;
			sourceTree = "<group>";
		};
		72A42B4620472299000D78A3 = {
			isa = PBXGroup;
			children = (
				72A42B512047229A000D78A3 /* SwiftLabb1 */,
				72A42B502047229A000D78A3 /* Products */,
				80D50E08755C5413C80F0906 /* Pods */,
				12B3E43F01DB1D99529AEC24 /* Frameworks */,
			);
			sourceTree = "<group>";
		};
		72A42B502047229A000D78A3 /* Products */ = {
			isa = PBXGroup;
			children = (
				72A42B4F2047229A000D78A3 /* SwiftLabb1.app */,
			);
			name = Products;
			sourceTree = "<group>";
		};
		72A42B512047229A000D78A3 /* SwiftLabb1 */ = {
			isa = PBXGroup;
			children = (
				72A42B522047229A000D78A3 /* AppDelegate.swift */,
				72A42B562047229A000D78A3 /* Main.storyboard */,
				72DDC9A82052968800EB5C5E /* Controllers */,
				72DDC9A72052967B00EB5C5E /* Model */,
				72A42B592047229A000D78A3 /* Assets.xcassets */,
				72A42B5B2047229A000D78A3 /* LaunchScreen.storyboard */,
				72A42B5E2047229A000D78A3 /* Info.plist */,
			);
			path = SwiftLabb1;
			sourceTree = "<group>";
		};
		72DDC9A72052967B00EB5C5E /* Model */ = {
			isa = PBXGroup;
			children = (
				72A11BCB207532B2003045D7 /* CompareCell.swift */,
				72A11BD120778BD4003045D7 /* SearchCityList.csv */,
				72A11BC720750DFB003045D7 /* SearchCell.swift */,
				72A42B6A20482782000D78A3 /* City.swift */,
				72A11BD32077930C003045D7 /* city.list.json */,
				72A42B6C2048297F000D78A3 /* Model.swift */,
				72A42B6E20485CB0000D78A3 /* WeatherHelper.swift */,
				72A42B6620472A1C000D78A3 /* CustomTableViewCell.swift */,
			);
			path = Model;
			sourceTree = "<group>";
		};
		72DDC9A82052968800EB5C5E /* Controllers */ = {
			isa = PBXGroup;
			children = (
				72A11BCF207628CE003045D7 /* CompareViewController.swift */,
				72A11BC320750C03003045D7 /* SearchViewController.swift */,
				72A42B542047229A000D78A3 /* ViewController.swift */,
				72A42B6820472B05000D78A3 /* WeatherViewController.swift */,
				72A11BC12067FE95003045D7 /* DetailViewController.swift */,
			);
			path = Controllers;
			sourceTree = "<group>";
		};
		80D50E08755C5413C80F0906 /* Pods */ = {
			isa = PBXGroup;
			children = (
				65C27E58C0078C78BEEDFC8F /* Pods-SwiftLabb1.debug.xcconfig */,
				4FB44DACF52E67ADD99E3B55 /* Pods-SwiftLabb1.release.xcconfig */,
			);
			name = Pods;
			sourceTree = "<group>";
		};
/* End PBXGroup section */

/* Begin PBXNativeTarget section */
		72A42B4E2047229A000D78A3 /* SwiftLabb1 */ = {
			isa = PBXNativeTarget;
			buildConfigurationList = 72A42B612047229A000D78A3 /* Build configuration list for PBXNativeTarget "SwiftLabb1" */;
			buildPhases = (
				A187B7334636E66B67613BED /* [CP] Check Pods Manifest.lock */,
				72A42B4B2047229A000D78A3 /* Sources */,
				72A42B4C2047229A000D78A3 /* Frameworks */,
				72A42B4D2047229A000D78A3 /* Resources */,
				31F404715ED75CF92434435C /* [CP] Embed Pods Frameworks */,
				9043CED74C9433FF7DF22ACF /* [CP] Copy Pods Resources */,
			);
			buildRules = (
			);
			dependencies = (
			);
			name = SwiftLabb1;
			productName = SwiftLabb1;
			productReference = 72A42B4F2047229A000D78A3 /* SwiftLabb1.app */;
			productType = "com.apple.product-type.application";
		};
/* End PBXNativeTarget section */

/* Begin PBXProject section */
		72A42B4720472299000D78A3 /* Project object */ = {
			isa = PBXProject;
			attributes = {
				LastSwiftUpdateCheck = 0920;
				LastUpgradeCheck = 0920;
				ORGANIZATIONNAME = will;
				TargetAttributes = {
					72A42B4E2047229A000D78A3 = {
						CreatedOnToolsVersion = 9.2;
						ProvisioningStyle = Automatic;
					};
				};
			};
			buildConfigurationList = 72A42B4A20472299000D78A3 /* Build configuration list for PBXProject "SwiftLabb1" */;
			compatibilityVersion = "Xcode 8.0";
			developmentRegion = en;
			hasScannedForEncodings = 0;
			knownRegions = (
				en,
				Base,
			);
			mainGroup = 72A42B4620472299000D78A3;
			productRefGroup = 72A42B502047229A000D78A3 /* Products */;
			projectDirPath = "";
			projectRoot = "";
			targets = (
				72A42B4E2047229A000D78A3 /* SwiftLabb1 */,
			);
		};
/* End PBXProject section */

/* Begin PBXResourcesBuildPhase section */
		72A42B4D2047229A000D78A3 /* Resources */ = {
			isa = PBXResourcesBuildPhase;
			buildActionMask = 2147483647;
			files = (
				72A11BD220778BD4003045D7 /* SearchCityList.csv in Resources */,
				72A11BD42077930D003045D7 /* city.list.json in Resources */,
				72A42B5D2047229A000D78A3 /* LaunchScreen.storyboard in Resources */,
				72A42B5A2047229A000D78A3 /* Assets.xcassets in Resources */,
				72A42B582047229A000D78A3 /* Main.storyboard in Resources */,
			);
			runOnlyForDeploymentPostprocessing = 0;
		};
/* End PBXResourcesBuildPhase section */

/* Begin PBXShellScriptBuildPhase section */
		31F404715ED75CF92434435C /* [CP] Embed Pods Frameworks */ = {
			isa = PBXShellScriptBuildPhase;
			buildActionMask = 2147483647;
			files = (
			);
			inputPaths = (
				"${SRCROOT}/Pods/Target Support Files/Pods-SwiftLabb1/Pods-SwiftLabb1-frameworks.sh",
				"${BUILT_PRODUCTS_DIR}/FrameAccessor/FrameAccessor.framework",
				"${BUILT_PRODUCTS_DIR}/GraphKit/GraphKit.framework",
				"${BUILT_PRODUCTS_DIR}/MKFoundationKit/MKFoundationKit.framework",
				"${BUILT_PRODUCTS_DIR}/SwiftyJSON/SwiftyJSON.framework",
			);
			name = "[CP] Embed Pods Frameworks";
			outputPaths = (
				"${TARGET_BUILD_DIR}/${FRAMEWORKS_FOLDER_PATH}/FrameAccessor.framework",
				"${TARGET_BUILD_DIR}/${FRAMEWORKS_FOLDER_PATH}/GraphKit.framework",
				"${TARGET_BUILD_DIR}/${FRAMEWORKS_FOLDER_PATH}/MKFoundationKit.framework",
				"${TARGET_BUILD_DIR}/${FRAMEWORKS_FOLDER_PATH}/SwiftyJSON.framework",
			);
			runOnlyForDeploymentPostprocessing = 0;
			shellPath = /bin/sh;
			shellScript = "\"${SRCROOT}/Pods/Target Support Files/Pods-SwiftLabb1/Pods-SwiftLabb1-frameworks.sh\"\n";
			showEnvVarsInLog = 0;
		};
		9043CED74C9433FF7DF22ACF /* [CP] Copy Pods Resources */ = {
			isa = PBXShellScriptBuildPhase;
			buildActionMask = 2147483647;
			files = (
			);
			inputPaths = (
			);
			name = "[CP] Copy Pods Resources";
			outputPaths = (
			);
			runOnlyForDeploymentPostprocessing = 0;
			shellPath = /bin/sh;
			shellScript = "\"${SRCROOT}/Pods/Target Support Files/Pods-SwiftLabb1/Pods-SwiftLabb1-resources.sh\"\n";
			showEnvVarsInLog = 0;
		};
		A187B7334636E66B67613BED /* [CP] Check Pods Manifest.lock */ = {
			isa = PBXShellScriptBuildPhase;
			buildActionMask = 2147483647;
			files = (
			);
			inputPaths = (
				"${PODS_PODFILE_DIR_PATH}/Podfile.lock",
				"${PODS_ROOT}/Manifest.lock",
			);
			name = "[CP] Check Pods Manifest.lock";
			outputPaths = (
				"$(DERIVED_FILE_DIR)/Pods-SwiftLabb1-checkManifestLockResult.txt",
			);
			runOnlyForDeploymentPostprocessing = 0;
			shellPath = /bin/sh;
			shellScript = "diff \"${PODS_PODFILE_DIR_PATH}/Podfile.lock\" \"${PODS_ROOT}/Manifest.lock\" > /dev/null\nif [ $? != 0 ] ; then\n    # print error to STDERR\n    echo \"error: The sandbox is not in sync with the Podfile.lock. Run 'pod install' or update your CocoaPods installation.\" >&2\n    exit 1\nfi\n# This output is used by Xcode 'outputs' to avoid re-running this script phase.\necho \"SUCCESS\" > \"${SCRIPT_OUTPUT_FILE_0}\"\n";
			showEnvVarsInLog = 0;
		};
/* End PBXShellScriptBuildPhase section */

/* Begin PBXSourcesBuildPhase section */
		72A42B4B2047229A000D78A3 /* Sources */ = {
			isa = PBXSourcesBuildPhase;
			buildActionMask = 2147483647;
			files = (
				72A11BD0207628CE003045D7 /* CompareViewController.swift in Sources */,
				72A42B552047229A000D78A3 /* ViewController.swift in Sources */,
				72A11BC820750DFB003045D7 /* SearchCell.swift in Sources */,
				72A42B6B20482782000D78A3 /* City.swift in Sources */,
				72A42B6920472B05000D78A3 /* WeatherViewController.swift in Sources */,
				72A11BC420750C03003045D7 /* SearchViewController.swift in Sources */,
				72A42B6D2048297F000D78A3 /* Model.swift in Sources */,
				72A42B6720472A1C000D78A3 /* CustomTableViewCell.swift in Sources */,
				72A42B6F20485CB0000D78A3 /* WeatherHelper.swift in Sources */,
				72A42B532047229A000D78A3 /* AppDelegate.swift in Sources */,
				72A11BCC207532B2003045D7 /* CompareCell.swift in Sources */,
				72A11BC22067FE95003045D7 /* DetailViewController.swift in Sources */,
			);
			runOnlyForDeploymentPostprocessing = 0;
		};
/* End PBXSourcesBuildPhase section */

/* Begin PBXVariantGroup section */
		72A42B562047229A000D78A3 /* Main.storyboard */ = {
			isa = PBXVariantGroup;
			children = (
				72A42B572047229A000D78A3 /* Base */,
			);
			name = Main.storyboard;
			sourceTree = "<group>";
		};
		72A42B5B2047229A000D78A3 /* LaunchScreen.storyboard */ = {
			isa = PBXVariantGroup;
			children = (
				72A42B5C2047229A000D78A3 /* Base */,
			);
			name = LaunchScreen.storyboard;
			sourceTree = "<group>";
		};
/* End PBXVariantGroup section */

/* Begin XCBuildConfiguration section */
		72A42B5F2047229A000D78A3 /* Debug */ = {
			isa = XCBuildConfiguration;
			buildSettings = {
				ALWAYS_SEARCH_USER_PATHS = NO;
				CLANG_ANALYZER_NONNULL = YES;
				CLANG_ANALYZER_NUMBER_OBJECT_CONVERSION = YES_AGGRESSIVE;
				CLANG_CXX_LANGUAGE_STANDARD = "gnu++14";
				CLANG_CXX_LIBRARY = "libc++";
				CLANG_ENABLE_MODULES = YES;
				CLANG_ENABLE_OBJC_ARC = YES;
				CLANG_WARN_BLOCK_CAPTURE_AUTORELEASING = YES;
				CLANG_WARN_BOOL_CONVERSION = YES;
				CLANG_WARN_COMMA = YES;
				CLANG_WARN_CONSTANT_CONVERSION = YES;
				CLANG_WARN_DIRECT_OBJC_ISA_USAGE = YES_ERROR;
				CLANG_WARN_DOCUMENTATION_COMMENTS = YES;
				CLANG_WARN_EMPTY_BODY = YES;
				CLANG_WARN_ENUM_CONVERSION = YES;
				CLANG_WARN_INFINITE_RECURSION = YES;
				CLANG_WARN_INT_CONVERSION = YES;
				CLANG_WARN_NON_LITERAL_NULL_CONVERSION = YES;
				CLANG_WARN_OBJC_LITERAL_CONVERSION = YES;
				CLANG_WARN_OBJC_ROOT_CLASS = YES_ERROR;
				CLANG_WARN_RANGE_LOOP_ANALYSIS = YES;
				CLANG_WARN_STRICT_PROTOTYPES = YES;
				CLANG_WARN_SUSPICIOUS_MOVE = YES;
				CLANG_WARN_UNGUARDED_AVAILABILITY = YES_AGGRESSIVE;
				CLANG_WARN_UNREACHABLE_CODE = YES;
				CLANG_WARN__DUPLICATE_METHOD_MATCH = YES;
				CODE_SIGN_IDENTITY = "iPhone Developer";
				COPY_PHASE_STRIP = NO;
				DEBUG_INFORMATION_FORMAT = dwarf;
				ENABLE_STRICT_OBJC_MSGSEND = YES;
				ENABLE_TESTABILITY = YES;
				GCC_C_LANGUAGE_STANDARD = gnu11;
				GCC_DYNAMIC_NO_PIC = NO;
				GCC_NO_COMMON_BLOCKS = YES;
				GCC_OPTIMIZATION_LEVEL = 0;
				GCC_PREPROCESSOR_DEFINITIONS = (
					"DEBUG=1",
					"$(inherited)",
				);
				GCC_WARN_64_TO_32_BIT_CONVERSION = YES;
				GCC_WARN_ABOUT_RETURN_TYPE = YES_ERROR;
				GCC_WARN_UNDECLARED_SELECTOR = YES;
				GCC_WARN_UNINITIALIZED_AUTOS = YES_AGGRESSIVE;
				GCC_WARN_UNUSED_FUNCTION = YES;
				GCC_WARN_UNUSED_VARIABLE = YES;
				IPHONEOS_DEPLOYMENT_TARGET = 11.2;
				MTL_ENABLE_DEBUG_INFO = YES;
				ONLY_ACTIVE_ARCH = YES;
				SDKROOT = iphoneos;
				SWIFT_ACTIVE_COMPILATION_CONDITIONS = DEBUG;
				SWIFT_OPTIMIZATION_LEVEL = "-Onone";
			};
			name = Debug;
		};
		72A42B602047229A000D78A3 /* Release */ = {
			isa = XCBuildConfiguration;
			buildSettings = {
				ALWAYS_SEARCH_USER_PATHS = NO;
				CLANG_ANALYZER_NONNULL = YES;
				CLANG_ANALYZER_NUMBER_OBJECT_CONVERSION = YES_AGGRESSIVE;
				CLANG_CXX_LANGUAGE_STANDARD = "gnu++14";
				CLANG_CXX_LIBRARY = "libc++";
				CLANG_ENABLE_MODULES = YES;
				CLANG_ENABLE_OBJC_ARC = YES;
				CLANG_WARN_BLOCK_CAPTURE_AUTORELEASING = YES;
				CLANG_WARN_BOOL_CONVERSION = YES;
				CLANG_WARN_COMMA = YES;
				CLANG_WARN_CONSTANT_CONVERSION = YES;
				CLANG_WARN_DIRECT_OBJC_ISA_USAGE = YES_ERROR;
				CLANG_WARN_DOCUMENTATION_COMMENTS = YES;
				CLANG_WARN_EMPTY_BODY = YES;
				CLANG_WARN_ENUM_CONVERSION = YES;
				CLANG_WARN_INFINITE_RECURSION = YES;
				CLANG_WARN_INT_CONVERSION = YES;
				CLANG_WARN_NON_LITERAL_NULL_CONVERSION = YES;
				CLANG_WARN_OBJC_LITERAL_CONVERSION = YES;
				CLANG_WARN_OBJC_ROOT_CLASS = YES_ERROR;
				CLANG_WARN_RANGE_LOOP_ANALYSIS = YES;
				CLANG_WARN_STRICT_PROTOTYPES = YES;
				CLANG_WARN_SUSPICIOUS_MOVE = YES;
				CLANG_WARN_UNGUARDED_AVAILABILITY = YES_AGGRESSIVE;
				CLANG_WARN_UNREACHABLE_CODE = YES;
				CLANG_WARN__DUPLICATE_METHOD_MATCH = YES;
				CODE_SIGN_IDENTITY = "iPhone Developer";
				COPY_PHASE_STRIP = NO;
				DEBUG_INFORMATION_FORMAT = "dwarf-with-dsym";
				ENABLE_NS_ASSERTIONS = NO;
				ENABLE_STRICT_OBJC_MSGSEND = YES;
				GCC_C_LANGUAGE_STANDARD = gnu11;
				GCC_NO_COMMON_BLOCKS = YES;
				GCC_WARN_64_TO_32_BIT_CONVERSION = YES;
				GCC_WARN_ABOUT_RETURN_TYPE = YES_ERROR;
				GCC_WARN_UNDECLARED_SELECTOR = YES;
				GCC_WARN_UNINITIALIZED_AUTOS = YES_AGGRESSIVE;
				GCC_WARN_UNUSED_FUNCTION = YES;
				GCC_WARN_UNUSED_VARIABLE = YES;
				IPHONEOS_DEPLOYMENT_TARGET = 11.2;
				MTL_ENABLE_DEBUG_INFO = NO;
				SDKROOT = iphoneos;
				SWIFT_OPTIMIZATION_LEVEL = "-Owholemodule";
				VALIDATE_PRODUCT = YES;
			};
			name = Release;
		};
		72A42B622047229A000D78A3 /* Debug */ = {
			isa = XCBuildConfiguration;
			baseConfigurationReference = 65C27E58C0078C78BEEDFC8F /* Pods-SwiftLabb1.debug.xcconfig */;
			buildSettings = {
				ASSETCATALOG_COMPILER_APPICON_NAME = AppIcon;
				CODE_SIGN_STYLE = Automatic;
				DEVELOPMENT_TEAM = K2XA4MCD45;
				INFOPLIST_FILE = SwiftLabb1/Info.plist;
				LD_RUNPATH_SEARCH_PATHS = "$(inherited) @executable_path/Frameworks";
				PRODUCT_BUNDLE_IDENTIFIER = WILE.SwiftLabb1;
				PRODUCT_NAME = "$(TARGET_NAME)";
				SWIFT_VERSION = 4.0;
				TARGETED_DEVICE_FAMILY = "1,2";
			};
			name = Debug;
		};
		72A42B632047229A000D78A3 /* Release */ = {
			isa = XCBuildConfiguration;
			baseConfigurationReference = 4FB44DACF52E67ADD99E3B55 /* Pods-SwiftLabb1.release.xcconfig */;
			buildSettings = {
				ASSETCATALOG_COMPILER_APPICON_NAME = AppIcon;
				CODE_SIGN_STYLE = Automatic;
				DEVELOPMENT_TEAM = K2XA4MCD45;
				INFOPLIST_FILE = SwiftLabb1/Info.plist;
				LD_RUNPATH_SEARCH_PATHS = "$(inherited) @executable_path/Frameworks";
				PRODUCT_BUNDLE_IDENTIFIER = WILE.SwiftLabb1;
				PRODUCT_NAME = "$(TARGET_NAME)";
				SWIFT_VERSION = 4.0;
				TARGETED_DEVICE_FAMILY = "1,2";
			};
			name = Release;
		};
/* End XCBuildConfiguration section */

/* Begin XCConfigurationList section */
		72A42B4A20472299000D78A3 /* Build configuration list for PBXProject "SwiftLabb1" */ = {
			isa = XCConfigurationList;
			buildConfigurations = (
				72A42B5F2047229A000D78A3 /* Debug */,
				72A42B602047229A000D78A3 /* Release */,
			);
			defaultConfigurationIsVisible = 0;
			defaultConfigurationName = Release;
		};
		72A42B612047229A000D78A3 /* Build configuration list for PBXNativeTarget "SwiftLabb1" */ = {
			isa = XCConfigurationList;
			buildConfigurations = (
				72A42B622047229A000D78A3 /* Debug */,
				72A42B632047229A000D78A3 /* Release */,
			);
			defaultConfigurationIsVisible = 0;
			defaultConfigurationName = Release;
		};
/* End XCConfigurationList section */
	};
	rootObject = 72A42B4720472299000D78A3 /* Project object */;
}
